
Microsoft Visual Studio Solution File, Format Version 12.00
# Visual Studio Version 17
VisualStudioVersion = 17.14.36429.23 d17.14
MinimumVisualStudioVersion = 10.0.40219.1
Project("{FAE04EC0-301F-11D3-BF4B-00C04F79EFBC}") = "WpfApp13", "WpfApp13\WpfApp13.csproj", "{603C29FC-0FDE-4BE4-9A9A-251D77A34D45}"
EndProject
Global
	GlobalSection(SolutionConfigurationPlatforms) = preSolution
		Debug|Any CPU = Debug|Any CPU
		Release|Any CPU = Release|Any CPU
	EndGlobalSection
	GlobalSection(ProjectConfigurationPlatforms) = postSolution
		{603C29FC-0FDE-4BE4-9A9A-251D77A34D45}.Debug|Any CPU.ActiveCfg = Debug|Any CPU
		{603C29FC-0FDE-4BE4-9A9A-251D77A34D45}.Debug|Any CPU.Build.0 = Debug|Any CPU
		{603C29FC-0FDE-4BE4-9A9A-251D77A34D45}.Release|Any CPU.ActiveCfg = Release|Any CPU
		{603C29FC-0FDE-4BE4-9A9A-251D77A34D45}.Release|Any CPU.Build.0 = Release|Any CPU
	EndGlobalSection
	GlobalSection(SolutionProperties) = preSolution
		HideSolutionNode = FALSE
	EndGlobalSection
	GlobalSection(ExtensibilityGlobals) = postSolution
		SolutionGuid = {140A594D-CDD5-41F7-A508-00EB1CA5DFAF}
	EndGlobalSection
EndGlobal
